// !$*UTF8*$!
{
	archiveVersion = 1;
	classes = {
	};
	objectVersion = 46;
	objects = {

/* Begin PBXBuildFile section */
		9951A2541F7A80A300E4C4FC /* AppDelegate.swift in Sources */ = {isa = PBXBuildFile; fileRef = 9951A2531F7A80A300E4C4FC /* AppDelegate.swift */; };
		9951A2561F7A80A300E4C4FC /* ViewController.swift in Sources */ = {isa = PBXBuildFile; fileRef = 9951A2551F7A80A300E4C4FC /* ViewController.swift */; };
		9951A2591F7A80A300E4C4FC /* Main.storyboard in Resources */ = {isa = PBXBuildFile; fileRef = 9951A2571F7A80A300E4C4FC /* Main.storyboard */; };
		9951A25B1F7A80A300E4C4FC /* Assets.xcassets in Resources */ = {isa = PBXBuildFile; fileRef = 9951A25A1F7A80A300E4C4FC /* Assets.xcassets */; };
		9951A25E1F7A80A300E4C4FC /* LaunchScreen.storyboard in Resources */ = {isa = PBXBuildFile; fileRef = 9951A25C1F7A80A300E4C4FC /* LaunchScreen.storyboard */; };
		9978D90D1F8B7FF6008D10B0 /* Language.swift in Sources */ = {isa = PBXBuildFile; fileRef = 9978D90C1F8B7FF6008D10B0 /* Language.swift */; };
		999C9DCF1F860102003C5A6D /* DrawerView.swift in Sources */ = {isa = PBXBuildFile; fileRef = 999C9DCE1F860102003C5A6D /* DrawerView.swift */; };
		999C9DD11F860284003C5A6D /* DrawerProtocol.swift in Sources */ = {isa = PBXBuildFile; fileRef = 999C9DD01F860284003C5A6D /* DrawerProtocol.swift */; };
		999C9DD41F8602BA003C5A6D /* Foundation.framework in Frameworks */ = {isa = PBXBuildFile; fileRef = 999C9DD31F8602B9003C5A6D /* Foundation.framework */; };
		999C9DDA1F863A71003C5A6D /* DrawerCell.swift in Sources */ = {isa = PBXBuildFile; fileRef = 999C9DD81F863A70003C5A6D /* DrawerCell.swift */; };
		999C9DDB1F863A71003C5A6D /* DrawerCell.xib in Resources */ = {isa = PBXBuildFile; fileRef = 999C9DD91F863A70003C5A6D /* DrawerCell.xib */; };
		99CC68611F8DF9940026C6CD /* LayoutTwo.swift in Sources */ = {isa = PBXBuildFile; fileRef = 99CC68601F8DF9940026C6CD /* LayoutTwo.swift */; };
		99CC68631F8DF9A90026C6CD /* LayoutThree.swift in Sources */ = {isa = PBXBuildFile; fileRef = 99CC68621F8DF9A90026C6CD /* LayoutThree.swift */; };
		99CC68681F8E2ECC0026C6CD /* proPicTwo.png in Resources */ = {isa = PBXBuildFile; fileRef = 99CC68661F8E2ECC0026C6CD /* proPicTwo.png */; };
		99CC68691F8E2ECC0026C6CD /* proPicOne.png in Resources */ = {isa = PBXBuildFile; fileRef = 99CC68671F8E2ECC0026C6CD /* proPicOne.png */; };
		99EBD9441F84A61A00702792 /* Settings.swift in Sources */ = {isa = PBXBuildFile; fileRef = 99EBD9431F84A61A00702792 /* Settings.swift */; };
		99EBD9461F84AD4F00702792 /* History.swift in Sources */ = {isa = PBXBuildFile; fileRef = 99EBD9451F84AD4F00702792 /* History.swift */; };
		99EBD9481F84ADBE00702792 /* Offers.swift in Sources */ = {isa = PBXBuildFile; fileRef = 99EBD9471F84ADBE00702792 /* Offers.swift */; };
		99EBD94A1F84B01000702792 /* MyAccount.swift in Sources */ = {isa = PBXBuildFile; fileRef = 99EBD9491F84B01000702792 /* MyAccount.swift */; };
/* End PBXBuildFile section */

/* Begin PBXFileReference section */
		9951A2501F7A80A300E4C4FC /* NavigationDrawer.app */ = {isa = PBXFileReference; explicitFileType = wrapper.application; includeInIndex = 0; path = NavigationDrawer.app; sourceTree = BUILT_PRODUCTS_DIR; };
		9951A2531F7A80A300E4C4FC /* AppDelegate.swift */ = {isa = PBXFileReference; lastKnownFileType = sourcecode.swift; path = AppDelegate.swift; sourceTree = "<group>"; };
		9951A2551F7A80A300E4C4FC /* ViewController.swift */ = {isa = PBXFileReference; lastKnownFileType = sourcecode.swift; path = ViewController.swift; sourceTree = "<group>"; };
		9951A2581F7A80A300E4C4FC /* Base */ = {isa = PBXFileReference; lastKnownFileType = file.storyboard; name = Base; path = Base.lproj/Main.storyboard; sourceTree = "<group>"; };
		9951A25A1F7A80A300E4C4FC /* Assets.xcassets */ = {isa = PBXFileReference; lastKnownFileType = folder.assetcatalog; path = Assets.xcassets; sourceTree = "<group>"; };
		9951A25D1F7A80A300E4C4FC /* Base */ = {isa = PBXFileReference; lastKnownFileType = file.storyboard; name = Base; path = Base.lproj/LaunchScreen.storyboard; sourceTree = "<group>"; };
		9951A25F1F7A80A300E4C4FC /* Info.plist */ = {isa = PBXFileReference; lastKnownFileType = text.plist.xml; path = Info.plist; sourceTree = "<group>"; };
		9978D90C1F8B7FF6008D10B0 /* Language.swift */ = {isa = PBXFileReference; fileEncoding = 4; lastKnownFileType = sourcecode.swift; path = Language.swift; sourceTree = "<group>"; };
		999C9DCE1F860102003C5A6D /* DrawerView.swift */ = {isa = PBXFileReference; fileEncoding = 4; lastKnownFileType = sourcecode.swift; path = DrawerView.swift; sourceTree = "<group>"; };
		999C9DD01F860284003C5A6D /* DrawerProtocol.swift */ = {isa = PBXFileReference; fileEncoding = 4; lastKnownFileType = sourcecode.swift; path = DrawerProtocol.swift; sourceTree = "<group>"; };
		999C9DD31F8602B9003C5A6D /* Foundation.framework */ = {isa = PBXFileReference; lastKnownFileType = wrapper.framework; name = Foundation.framework; path = System/Library/Frameworks/Foundation.framework; sourceTree = SDKROOT; };
		999C9DD81F863A70003C5A6D /* DrawerCell.swift */ = {isa = PBXFileReference; fileEncoding = 4; lastKnownFileType = sourcecode.swift; path = DrawerCell.swift; sourceTree = "<group>"; };
		999C9DD91F863A70003C5A6D /* DrawerCell.xib */ = {isa = PBXFileReference; fileEncoding = 4; lastKnownFileType = file.xib; path = DrawerCell.xib; sourceTree = "<group>"; };
		99CC68601F8DF9940026C6CD /* LayoutTwo.swift */ = {isa = PBXFileReference; fileEncoding = 4; lastKnownFileType = sourcecode.swift; path = LayoutTwo.swift; sourceTree = "<group>"; };
		99CC68621F8DF9A90026C6CD /* LayoutThree.swift */ = {isa = PBXFileReference; fileEncoding = 4; lastKnownFileType = sourcecode.swift; path = LayoutThree.swift; sourceTree = "<group>"; };
		99CC68661F8E2ECC0026C6CD /* proPicTwo.png */ = {isa = PBXFileReference; lastKnownFileType = image.png; path = proPicTwo.png; sourceTree = "<group>"; };
		99CC68671F8E2ECC0026C6CD /* proPicOne.png */ = {isa = PBXFileReference; lastKnownFileType = image.png; path = proPicOne.png; sourceTree = "<group>"; };
		99EBD9431F84A61A00702792 /* Settings.swift */ = {isa = PBXFileReference; fileEncoding = 4; lastKnownFileType = sourcecode.swift; path = Settings.swift; sourceTree = "<group>"; };
		99EBD9451F84AD4F00702792 /* History.swift */ = {isa = PBXFileReference; fileEncoding = 4; lastKnownFileType = sourcecode.swift; path = History.swift; sourceTree = "<group>"; };
		99EBD9471F84ADBE00702792 /* Offers.swift */ = {isa = PBXFileReference; fileEncoding = 4; lastKnownFileType = sourcecode.swift; path = Offers.swift; sourceTree = "<group>"; };
		99EBD9491F84B01000702792 /* MyAccount.swift */ = {isa = PBXFileReference; fileEncoding = 4; lastKnownFileType = sourcecode.swift; path = MyAccount.swift; sourceTree = "<group>"; };
/* End PBXFileReference section */

/* Begin PBXFrameworksBuildPhase section */
		9951A24D1F7A80A300E4C4FC /* Frameworks */ = {
			isa = PBXFrameworksBuildPhase;
			buildActionMask = 2147483647;
			files = (
				999C9DD41F8602BA003C5A6D /* Foundation.framework in Frameworks */,
			);
			runOnlyForDeploymentPostprocessing = 0;
		};
/* End PBXFrameworksBuildPhase section */

/* Begin PBXGroup section */
		9951A2471F7A80A300E4C4FC = {
			isa = PBXGroup;
			children = (
				9951A2521F7A80A300E4C4FC /* NavigationDrawer */,
				9951A2511F7A80A300E4C4FC /* Products */,
				999C9DD21F8602B9003C5A6D /* Frameworks */,
			);
			sourceTree = "<group>";
		};
		9951A2511F7A80A300E4C4FC /* Products */ = {
			isa = PBXGroup;
			children = (
				9951A2501F7A80A300E4C4FC /* NavigationDrawer.app */,
			);
			name = Products;
			sourceTree = "<group>";
		};
		9951A2521F7A80A300E4C4FC /* NavigationDrawer */ = {
			isa = PBXGroup;
			children = (
				9951A2531F7A80A300E4C4FC /* AppDelegate.swift */,
				99CC686A1F8E58B20026C6CD /* DrawerCell */,
				99CC686B1F8E58C30026C6CD /* Profile Pictures */,
				99CC686C1F8E58D60026C6CD /* Configuration */,
				99CC686D1F8E58EE0026C6CD /* TabViewControllers */,
				999C9DD71F860862003C5A6D /* Controllers */,
				9951A2571F7A80A300E4C4FC /* Main.storyboard */,
				9951A25A1F7A80A300E4C4FC /* Assets.xcassets */,
				9951A25C1F7A80A300E4C4FC /* LaunchScreen.storyboard */,
				9951A25F1F7A80A300E4C4FC /* Info.plist */,
			);
			path = NavigationDrawer;
			sourceTree = "<group>";
		};
		999C9DD21F8602B9003C5A6D /* Frameworks */ = {
			isa = PBXGroup;
			children = (
				999C9DD31F8602B9003C5A6D /* Foundation.framework */,
			);
			name = Frameworks;
			sourceTree = "<group>";
		};
		999C9DD71F860862003C5A6D /* Controllers */ = {
			isa = PBXGroup;
			children = (
				99EBD9431F84A61A00702792 /* Settings.swift */,
				99EBD9491F84B01000702792 /* MyAccount.swift */,
				99EBD9471F84ADBE00702792 /* Offers.swift */,
				99EBD9451F84AD4F00702792 /* History.swift */,
				9978D90C1F8B7FF6008D10B0 /* Language.swift */,
			);
			name = Controllers;
			sourceTree = "<group>";
		};
		99CC686A1F8E58B20026C6CD /* DrawerCell */ = {
			isa = PBXGroup;
			children = (
				999C9DD81F863A70003C5A6D /* DrawerCell.swift */,
				999C9DD91F863A70003C5A6D /* DrawerCell.xib */,
			);
			name = DrawerCell;
			sourceTree = "<group>";
		};
		99CC686B1F8E58C30026C6CD /* Profile Pictures */ = {
			isa = PBXGroup;
			children = (
				99CC68661F8E2ECC0026C6CD /* proPicTwo.png */,
				99CC68671F8E2ECC0026C6CD /* proPicOne.png */,
			);
			name = "Profile Pictures";
			sourceTree = "<group>";
		};
		99CC686C1F8E58D60026C6CD /* Configuration */ = {
			isa = PBXGroup;
			children = (
				999C9DD01F860284003C5A6D /* DrawerProtocol.swift */,
				999C9DCE1F860102003C5A6D /* DrawerView.swift */,
			);
			name = Configuration;
			sourceTree = "<group>";
		};
		99CC686D1F8E58EE0026C6CD /* TabViewControllers */ = {
			isa = PBXGroup;
			children = (
				99CC68601F8DF9940026C6CD /* LayoutTwo.swift */,
				99CC68621F8DF9A90026C6CD /* LayoutThree.swift */,
				9951A2551F7A80A300E4C4FC /* ViewController.swift */,
			);
			name = TabViewControllers;
			sourceTree = "<group>";
		};
/* End PBXGroup section */

/* Begin PBXNativeTarget section */
		9951A24F1F7A80A300E4C4FC /* NavigationDrawer */ = {
			isa = PBXNativeTarget;
			buildConfigurationList = 9951A2621F7A80A300E4C4FC /* Build configuration list for PBXNativeTarget "NavigationDrawer" */;
			buildPhases = (
				9951A24C1F7A80A300E4C4FC /* Sources */,
				9951A24D1F7A80A300E4C4FC /* Frameworks */,
				9951A24E1F7A80A300E4C4FC /* Resources */,
			);
			buildRules = (
			);
			dependencies = (
			);
			name = NavigationDrawer;
			productName = NavigationDrawer;
			productReference = 9951A2501F7A80A300E4C4FC /* NavigationDrawer.app */;
			productType = "com.apple.product-type.application";
		};
/* End PBXNativeTarget section */

/* Begin PBXProject section */
		9951A2481F7A80A300E4C4FC /* Project object */ = {
			isa = PBXProject;
			attributes = {
				LastSwiftUpdateCheck = 0830;
				LastUpgradeCheck = 0830;
				ORGANIZATIONNAME = e0000068;
				TargetAttributes = {
					9951A24F1F7A80A300E4C4FC = {
						CreatedOnToolsVersion = 8.3.3;
						DevelopmentTeam = FTY3JJU23T;
						ProvisioningStyle = Automatic;
					};
				};
			};
			buildConfigurationList = 9951A24B1F7A80A300E4C4FC /* Build configuration list for PBXProject "NavigationDrawer" */;
			compatibilityVersion = "Xcode 3.2";
			developmentRegion = English;
			hasScannedForEncodings = 0;
			knownRegions = (
				en,
				Base,
			);
			mainGroup = 9951A2471F7A80A300E4C4FC;
			productRefGroup = 9951A2511F7A80A300E4C4FC /* Products */;
			projectDirPath = "";
			projectRoot = "";
			targets = (
				9951A24F1F7A80A300E4C4FC /* NavigationDrawer */,
			);
		};
/* End PBXProject section */

/* Begin PBXResourcesBuildPhase section */
		9951A24E1F7A80A300E4C4FC /* Resources */ = {
			isa = PBXResourcesBuildPhase;
			buildActionMask = 2147483647;
			files = (
				999C9DDB1F863A71003C5A6D /* DrawerCell.xib in Resources */,
				9951A25E1F7A80A300E4C4FC /* LaunchScreen.storyboard in Resources */,
				9951A25B1F7A80A300E4C4FC /* Assets.xcassets in Resources */,
				9951A2591F7A80A300E4C4FC /* Main.storyboard in Resources */,
				99CC68681F8E2ECC0026C6CD /* proPicTwo.png in Resources */,
				99CC68691F8E2ECC0026C6CD /* proPicOne.png in Resources */,
			);
			runOnlyForDeploymentPostprocessing = 0;
		};
/* End PBXResourcesBuildPhase section */

/* Begin PBXSourcesBuildPhase section */
		9951A24C1F7A80A300E4C4FC /* Sources */ = {
			isa = PBXSourcesBuildPhase;
			buildActionMask = 2147483647;
			files = (
				999C9DDA1F863A71003C5A6D /* DrawerCell.swift in Sources */,
				99EBD9461F84AD4F00702792 /* History.swift in Sources */,
				99EBD9481F84ADBE00702792 /* Offers.swift in Sources */,
				9951A2561F7A80A300E4C4FC /* ViewController.swift in Sources */,
				999C9DCF1F860102003C5A6D /* DrawerView.swift in Sources */,
				99CC68611F8DF9940026C6CD /* LayoutTwo.swift in Sources */,
				99CC68631F8DF9A90026C6CD /* LayoutThree.swift in Sources */,
				999C9DD11F860284003C5A6D /* DrawerProtocol.swift in Sources */,
				9951A2541F7A80A300E4C4FC /* AppDelegate.swift in Sources */,
				99EBD94A1F84B01000702792 /* MyAccount.swift in Sources */,
				9978D90D1F8B7FF6008D10B0 /* Language.swift in Sources */,
				99EBD9441F84A61A00702792 /* Settings.swift in Sources */,
			);
			runOnlyForDeploymentPostprocessing = 0;
		};
/* End PBXSourcesBuildPhase section */

/* Begin PBXVariantGroup section */
		9951A2571F7A80A300E4C4FC /* Main.storyboard */ = {
			isa = PBXVariantGroup;
			children = (
				9951A2581F7A80A300E4C4FC /* Base */,
			);
			name = Main.storyboard;
			sourceTree = "<group>";
		};
		9951A25C1F7A80A300E4C4FC /* LaunchScreen.storyboard */ = {
			isa = PBXVariantGroup;
			children = (
				9951A25D1F7A80A300E4C4FC /* Base */,
			);
			name = LaunchScreen.storyboard;
			sourceTree = "<group>";
		};
/* End PBXVariantGroup section */

/* Begin XCBuildConfiguration section */
		9951A2601F7A80A300E4C4FC /* Debug */ = {
			isa = XCBuildConfiguration;
			buildSettings = {
				ALWAYS_SEARCH_USER_PATHS = NO;
				CLANG_ANALYZER_NONNULL = YES;
				CLANG_ANALYZER_NUMBER_OBJECT_CONVERSION = YES_AGGRESSIVE;
				CLANG_CXX_LANGUAGE_STANDARD = "gnu++0x";
				CLANG_CXX_LIBRARY = "libc++";
				CLANG_ENABLE_MODULES = YES;
				CLANG_ENABLE_OBJC_ARC = YES;
				CLANG_WARN_BOOL_CONVERSION = YES;
				CLANG_WARN_CONSTANT_CONVERSION = YES;
				CLANG_WARN_DIRECT_OBJC_ISA_USAGE = YES_ERROR;
				CLANG_WARN_DOCUMENTATION_COMMENTS = YES;
				CLANG_WARN_EMPTY_BODY = YES;
				CLANG_WARN_ENUM_CONVERSION = YES;
				CLANG_WARN_INFINITE_RECURSION = YES;
				CLANG_WARN_INT_CONVERSION = YES;
				CLANG_WARN_OBJC_ROOT_CLASS = YES_ERROR;
				CLANG_WARN_SUSPICIOUS_MOVE = YES;
				CLANG_WARN_UNREACHABLE_CODE = YES;
				CLANG_WARN__DUPLICATE_METHOD_MATCH = YES;
				"CODE_SIGN_IDENTITY[sdk=iphoneos*]" = "iPhone Developer";
				COPY_PHASE_STRIP = NO;
				DEBUG_INFORMATION_FORMAT = dwarf;
				ENABLE_STRICT_OBJC_MSGSEND = YES;
				ENABLE_TESTABILITY = YES;
				GCC_C_LANGUAGE_STANDARD = gnu99;
				GCC_DYNAMIC_NO_PIC = NO;
				GCC_NO_COMMON_BLOCKS = YES;
				GCC_OPTIMIZATION_LEVEL = 0;
				GCC_PREPROCESSOR_DEFINITIONS = (
					"DEBUG=1",
					"$(inherited)",
				);
				GCC_WARN_64_TO_32_BIT_CONVERSION = YES;
				GCC_WARN_ABOUT_RETURN_TYPE = YES_ERROR;
				GCC_WARN_UNDECLARED_SELECTOR = YES;
				GCC_WARN_UNINITIALIZED_AUTOS = YES_AGGRESSIVE;
				GCC_WARN_UNUSED_FUNCTION = YES;
				GCC_WARN_UNUSED_VARIABLE = YES;
				IPHONEOS_DEPLOYMENT_TARGET = 10.3;
				MTL_ENABLE_DEBUG_INFO = YES;
				ONLY_ACTIVE_ARCH = YES;
				SDKROOT = iphoneos;
				SWIFT_ACTIVE_COMPILATION_CONDITIONS = DEBUG;
				SWIFT_OPTIMIZATION_LEVEL = "-Onone";
			};
			name = Debug;
		};
		9951A2611F7A80A300E4C4FC /* Release */ = {
			isa = XCBuildConfiguration;
			buildSettings = {
				ALWAYS_SEARCH_USER_PATHS = NO;
				CLANG_ANALYZER_NONNULL = YES;
				CLANG_ANALYZER_NUMBER_OBJECT_CONVERSION = YES_AGGRESSIVE;
				CLANG_CXX_LANGUAGE_STANDARD = "gnu++0x";
				CLANG_CXX_LIBRARY = "libc++";
				CLANG_ENABLE_MODULES = YES;
				CLANG_ENABLE_OBJC_ARC = YES;
				CLANG_WARN_BOOL_CONVERSION = YES;
				CLANG_WARN_CONSTANT_CONVERSION = YES;
				CLANG_WARN_DIRECT_OBJC_ISA_USAGE = YES_ERROR;
				CLANG_WARN_DOCUMENTATION_COMMENTS = YES;
				CLANG_WARN_EMPTY_BODY = YES;
				CLANG_WARN_ENUM_CONVERSION = YES;
				CLANG_WARN_INFINITE_RECURSION = YES;
				CLANG_WARN_INT_CONVERSION = YES;
				CLANG_WARN_OBJC_ROOT_CLASS = YES_ERROR;
				CLANG_WARN_SUSPICIOUS_MOVE = YES;
				CLANG_WARN_UNREACHABLE_CODE = YES;
				CLANG_WARN__DUPLICATE_METHOD_MATCH = YES;
				"CODE_SIGN_IDENTITY[sdk=iphoneos*]" = "iPhone Developer";
				COPY_PHASE_STRIP = NO;
				DEBUG_INFORMATION_FORMAT = "dwarf-with-dsym";
				ENABLE_NS_ASSERTIONS = NO;
				ENABLE_STRICT_OBJC_MSGSEND = YES;
				GCC_C_LANGUAGE_STANDARD = gnu99;
				GCC_NO_COMMON_BLOCKS = YES;
				GCC_WARN_64_TO_32_BIT_CONVERSION = YES;
				GCC_WARN_ABOUT_RETURN_TYPE = YES_ERROR;
				GCC_WARN_UNDECLARED_SELECTOR = YES;
				GCC_WARN_UNINITIALIZED_AUTOS = YES_AGGRESSIVE;
				GCC_WARN_UNUSED_FUNCTION = YES;
				GCC_WARN_UNUSED_VARIABLE = YES;
				IPHONEOS_DEPLOYMENT_TARGET = 10.3;
				MTL_ENABLE_DEBUG_INFO = NO;
				SDKROOT = iphoneos;
				SWIFT_OPTIMIZATION_LEVEL = "-Owholemodule";
				VALIDATE_PRODUCT = YES;
			};
			name = Release;
		};
		9951A2631F7A80A300E4C4FC /* Debug */ = {
			isa = XCBuildConfiguration;
			buildSettings = {
				ASSETCATALOG_COMPILER_APPICON_NAME = AppIcon;
				DEVELOPMENT_TEAM = FTY3JJU23T;
				INFOPLIST_FILE = NavigationDrawer/Info.plist;
				LD_RUNPATH_SEARCH_PATHS = "$(inherited) @executable_path/Frameworks";
				PRODUCT_BUNDLE_IDENTIFIER = YourName.NavigationDrawer;
				PRODUCT_NAME = "$(TARGET_NAME)";
				SWIFT_VERSION = 3.0;
			};
			name = Debug;
		};
		9951A2641F7A80A300E4C4FC /* Release */ = {
			isa = XCBuildConfiguration;
			buildSettings = {
				ASSETCATALOG_COMPILER_APPICON_NAME = AppIcon;
				DEVELOPMENT_TEAM = FTY3JJU23T;
				INFOPLIST_FILE = NavigationDrawer/Info.plist;
				LD_RUNPATH_SEARCH_PATHS = "$(inherited) @executable_path/Frameworks";
				PRODUCT_BUNDLE_IDENTIFIER = YourName.NavigationDrawer;
				PRODUCT_NAME = "$(TARGET_NAME)";
				SWIFT_VERSION = 3.0;
			};
			name = Release;
		};
/* End XCBuildConfiguration section */

/* Begin XCConfigurationList section */
		9951A24B1F7A80A300E4C4FC /* Build configuration list for PBXProject "NavigationDrawer" */ = {
			isa = XCConfigurationList;
			buildConfigurations = (
				9951A2601F7A80A300E4C4FC /* Debug */,
				9951A2611F7A80A300E4C4FC /* Release */,
			);
			defaultConfigurationIsVisible = 0;
			defaultConfigurationName = Release;
		};
		9951A2621F7A80A300E4C4FC /* Build configuration list for PBXNativeTarget "NavigationDrawer" */ = {
			isa = XCConfigurationList;
			buildConfigurations = (
				9951A2631F7A80A300E4C4FC /* Debug */,
				9951A2641F7A80A300E4C4FC /* Release */,
			);
			defaultConfigurationIsVisible = 0;
			defaultConfigurationName = Release;
		};
/* End XCConfigurationList section */
	};
	rootObject = 9951A2481F7A80A300E4C4FC /* Project object */;
}
